// !$*UTF8*$!
{
	archiveVersion = 1;
	classes = {
	};
	objectVersion = 51;
	objects = {

/* Begin PBXBuildFile section */
		1DA2EB5593DC511B3ECCB80A /* Pods_idusUITests.framework in Frameworks */ = {isa = PBXBuildFile; fileRef = 051C8CD8614A4B5FE42DA30C /* Pods_idusUITests.framework */; };
		5C14518C239515F300441597 /* AppDelegate.swift in Sources */ = {isa = PBXBuildFile; fileRef = 5C14518B239515F300441597 /* AppDelegate.swift */; };
		5C145195239515F700441597 /* Assets.xcassets in Resources */ = {isa = PBXBuildFile; fileRef = 5C145194239515F700441597 /* Assets.xcassets */; };
		5C145198239515F700441597 /* LaunchScreen.storyboard in Resources */ = {isa = PBXBuildFile; fileRef = 5C145196239515F700441597 /* LaunchScreen.storyboard */; };
		5C1451AE239515F700441597 /* idusUITests.swift in Sources */ = {isa = PBXBuildFile; fileRef = 5C1451AD239515F700441597 /* idusUITests.swift */; };
		5C1451C923951D3600441597 /* BaseViewController.swift in Sources */ = {isa = PBXBuildFile; fileRef = 5C1451C823951D3600441597 /* BaseViewController.swift */; };
		5C1451CB23951FBC00441597 /* Navigator.swift in Sources */ = {isa = PBXBuildFile; fileRef = 5C1451CA23951FBC00441597 /* Navigator.swift */; };
		5C1451CD2395211300441597 /* ProductListViewController.swift in Sources */ = {isa = PBXBuildFile; fileRef = 5C1451CC2395211300441597 /* ProductListViewController.swift */; };
		5C1451CF2395211E00441597 /* ProductListViewModel.swift in Sources */ = {isa = PBXBuildFile; fileRef = 5C1451CE2395211E00441597 /* ProductListViewModel.swift */; };
		5C1451D12395252000441597 /* BaseNavigationController.swift in Sources */ = {isa = PBXBuildFile; fileRef = 5C1451D02395252000441597 /* BaseNavigationController.swift */; };
		5C1451D5239545E200441597 /* ProductCell.swift in Sources */ = {isa = PBXBuildFile; fileRef = 5C1451D4239545E200441597 /* ProductCell.swift */; };
		5C1451D72395487000441597 /* BaseCollectionViewCell.swift in Sources */ = {isa = PBXBuildFile; fileRef = 5C1451D62395487000441597 /* BaseCollectionViewCell.swift */; };
		5C1451D923954C3F00441597 /* UIView+Additions.swift in Sources */ = {isa = PBXBuildFile; fileRef = 5C1451D823954C3F00441597 /* UIView+Additions.swift */; };
		5C1451DB23954C5400441597 /* CALayer+Sketch.swift in Sources */ = {isa = PBXBuildFile; fileRef = 5C1451DA23954C5400441597 /* CALayer+Sketch.swift */; };
		5C1451DD23954D1B00441597 /* UIColor+Additions.swift in Sources */ = {isa = PBXBuildFile; fileRef = 5C1451DC23954D1B00441597 /* UIColor+Additions.swift */; };
		5C1451EA23955D6C00441597 /* NotoSansCJKkr-Black.otf in Resources */ = {isa = PBXBuildFile; fileRef = 5C1451E823955D6400441597 /* NotoSansCJKkr-Black.otf */; };
		5C1451EB23955D6F00441597 /* NotoSansCJKkr-Bold.otf in Resources */ = {isa = PBXBuildFile; fileRef = 5C1451E523955D6100441597 /* NotoSansCJKkr-Bold.otf */; };
		5C1451EC23955D7200441597 /* NotoSansCJKkr-DemiLight.otf in Resources */ = {isa = PBXBuildFile; fileRef = 5C1451E123955D5C00441597 /* NotoSansCJKkr-DemiLight.otf */; };
		5C1451ED23955D7400441597 /* NotoSansCJKkr-Light.otf in Resources */ = {isa = PBXBuildFile; fileRef = 5C1451E423955D6000441597 /* NotoSansCJKkr-Light.otf */; };
		5C1451EE23955D7700441597 /* NotoSansCJKkr-Medium.otf in Resources */ = {isa = PBXBuildFile; fileRef = 5C1451E323955D5F00441597 /* NotoSansCJKkr-Medium.otf */; };
		5C1451EF23955D7900441597 /* NotoSansCJKkr-Regular.otf in Resources */ = {isa = PBXBuildFile; fileRef = 5C1451E223955D5D00441597 /* NotoSansCJKkr-Regular.otf */; };
		5C1451F023955D7B00441597 /* NotoSansCJKkr-Thin.otf in Resources */ = {isa = PBXBuildFile; fileRef = 5C1451E923955D6500441597 /* NotoSansCJKkr-Thin.otf */; };
		5C1451F123955D7E00441597 /* NotoSansMonoCJKkr-Bold.otf in Resources */ = {isa = PBXBuildFile; fileRef = 5C1451E623955D6200441597 /* NotoSansMonoCJKkr-Bold.otf */; };
		5C1451F223955D8100441597 /* NotoSansMonoCJKkr-Regular.otf in Resources */ = {isa = PBXBuildFile; fileRef = 5C1451E723955D6300441597 /* NotoSansMonoCJKkr-Regular.otf */; };
		5C1451F423955E9400441597 /* Font.swift in Sources */ = {isa = PBXBuildFile; fileRef = 5C1451F323955E9400441597 /* Font.swift */; };
		5C1451F623955EAA00441597 /* App.swift in Sources */ = {isa = PBXBuildFile; fileRef = 5C1451F523955EAA00441597 /* App.swift */; };
		5C1451F82395623200441597 /* Color.swift in Sources */ = {isa = PBXBuildFile; fileRef = 5C1451F72395623200441597 /* Color.swift */; };
		5C14520023956B6A00441597 /* IdusRouter.swift in Sources */ = {isa = PBXBuildFile; fileRef = 5C1451FF23956B6A00441597 /* IdusRouter.swift */; };
		5C14520223956E7700441597 /* NetworkService.swift in Sources */ = {isa = PBXBuildFile; fileRef = 5C14520123956E7700441597 /* NetworkService.swift */; };
		5C1452042395705500441597 /* NetworkDataResponse.swift in Sources */ = {isa = PBXBuildFile; fileRef = 5C1452032395705500441597 /* NetworkDataResponse.swift */; };
		5C1452062395707800441597 /* NetworkError.swift in Sources */ = {isa = PBXBuildFile; fileRef = 5C1452052395707800441597 /* NetworkError.swift */; };
		5C1452092395751A00441597 /* IdusErrorModel.swift in Sources */ = {isa = PBXBuildFile; fileRef = 5C1452082395751A00441597 /* IdusErrorModel.swift */; };
		5C14520C2399644600441597 /* ThumbnailCollectionViewCell.swift in Sources */ = {isa = PBXBuildFile; fileRef = 5C14520B2399644600441597 /* ThumbnailCollectionViewCell.swift */; };
		5C14520E2399645C00441597 /* ThumbnailCollectionViewCellViewModel.swift in Sources */ = {isa = PBXBuildFile; fileRef = 5C14520D2399645C00441597 /* ThumbnailCollectionViewCellViewModel.swift */; };
		5C145210239965F400441597 /* ProductDetailViewController+TableViewDecorator.swift in Sources */ = {isa = PBXBuildFile; fileRef = 5C14520F239965F400441597 /* ProductDetailViewController+TableViewDecorator.swift */; };
		5C1452122399697900441597 /* TableViewDecorator.swift in Sources */ = {isa = PBXBuildFile; fileRef = 5C1452112399697900441597 /* TableViewDecorator.swift */; };
		5C14521423996B9B00441597 /* BaseTableViewCell.swift in Sources */ = {isa = PBXBuildFile; fileRef = 5C14521323996B9B00441597 /* BaseTableViewCell.swift */; };
		5C145216239D5C8B00441597 /* ProductInfoCell.swift in Sources */ = {isa = PBXBuildFile; fileRef = 5C145215239D5C8B00441597 /* ProductInfoCell.swift */; };
		5C145218239D5CA400441597 /* ProductInfoCellViewModel.swift in Sources */ = {isa = PBXBuildFile; fileRef = 5C145217239D5CA400441597 /* ProductInfoCellViewModel.swift */; };
		5C14521A239D5F0400441597 /* UILabel+Additions.swift in Sources */ = {isa = PBXBuildFile; fileRef = 5C145219239D5F0400441597 /* UILabel+Additions.swift */; };
		5C2870D723A54D9E007CA573 /* Pods_idus.framework in Frameworks */ = {isa = PBXBuildFile; fileRef = C12811E7E09BA13AA43AB48D /* Pods_idus.framework */; };
		5C681CF02395F4A8000189F2 /* ProductListViewController+CollectionViewDecorator.swift in Sources */ = {isa = PBXBuildFile; fileRef = 5C681CEF2395F4A8000189F2 /* ProductListViewController+CollectionViewDecorator.swift */; };
		5C681CF22395F791000189F2 /* CollectionViewDecorator.swift in Sources */ = {isa = PBXBuildFile; fileRef = 5C681CF12395F791000189F2 /* CollectionViewDecorator.swift */; };
		5CBCBE142396070C0098A60D /* ProductCellViewModel.swift in Sources */ = {isa = PBXBuildFile; fileRef = 5CBCBE132396070C0098A60D /* ProductCellViewModel.swift */; };
		5CBCBE19239608DA0098A60D /* ProductModel.swift in Sources */ = {isa = PBXBuildFile; fileRef = 5CBCBE18239608DA0098A60D /* ProductModel.swift */; };
		5CDECF02239D660F00109136 /* SF-Pro-Text-Bold.otf in Resources */ = {isa = PBXBuildFile; fileRef = 5CDECEFC239D660A00109136 /* SF-Pro-Text-Bold.otf */; };
		5CDECF03239D661200109136 /* SF-Pro-Text-Heavy.otf in Resources */ = {isa = PBXBuildFile; fileRef = 5CDECF00239D660B00109136 /* SF-Pro-Text-Heavy.otf */; };
		5CDECF04239D661400109136 /* SF-Pro-Text-Light.otf in Resources */ = {isa = PBXBuildFile; fileRef = 5CDECF01239D660B00109136 /* SF-Pro-Text-Light.otf */; };
		5CDECF05239D661600109136 /* SF-Pro-Text-Medium.otf in Resources */ = {isa = PBXBuildFile; fileRef = 5CDECEFE239D660A00109136 /* SF-Pro-Text-Medium.otf */; };
		5CDECF06239D661800109136 /* SF-Pro-Text-Regular.otf in Resources */ = {isa = PBXBuildFile; fileRef = 5CDECEFD239D660A00109136 /* SF-Pro-Text-Regular.otf */; };
		5CDECF07239D661A00109136 /* SF-Pro-Text-Semibold.otf in Resources */ = {isa = PBXBuildFile; fileRef = 5CDECEFF239D660B00109136 /* SF-Pro-Text-Semibold.otf */; };
		5CF88A8C23977F5100E03D2C /* RefreshFooterView.swift in Sources */ = {isa = PBXBuildFile; fileRef = 5CF88A8B23977F5100E03D2C /* RefreshFooterView.swift */; };
		5CF88A902398ECD700E03D2C /* ProductDetailViewController.swift in Sources */ = {isa = PBXBuildFile; fileRef = 5CF88A8F2398ECD700E03D2C /* ProductDetailViewController.swift */; };
		5CF88A932398ECEA00E03D2C /* ProductDetailViewModel.swift in Sources */ = {isa = PBXBuildFile; fileRef = 5CF88A922398ECEA00E03D2C /* ProductDetailViewModel.swift */; };
		5CF88A952399EC5100E03D2C /* ThumbnailCollectionViewCell+CollectionViewDecorator.swift in Sources */ = {isa = PBXBuildFile; fileRef = 5CF88A942399EC5100E03D2C /* ThumbnailCollectionViewCell+CollectionViewDecorator.swift */; };
		5CF88A972399F1B400E03D2C /* ThumbnailCell.swift in Sources */ = {isa = PBXBuildFile; fileRef = 5CF88A962399F1B400E03D2C /* ThumbnailCell.swift */; };
		5CF88A992399F98100E03D2C /* ThumbnailCellViewModel.swift in Sources */ = {isa = PBXBuildFile; fileRef = 5CF88A982399F98100E03D2C /* ThumbnailCellViewModel.swift */; };
		5CF88A9B239A0C2B00E03D2C /* ProductDetailModel.swift in Sources */ = {isa = PBXBuildFile; fileRef = 5CF88A9A239A0C2B00E03D2C /* ProductDetailModel.swift */; };
		5CF88A9D239E30FB00E03D2C /* DescriptionCell.swift in Sources */ = {isa = PBXBuildFile; fileRef = 5CF88A9C239E30FB00E03D2C /* DescriptionCell.swift */; };
		5CF88A9F239E310700E03D2C /* DescriptionCellViewModel.swift in Sources */ = {isa = PBXBuildFile; fileRef = 5CF88A9E239E310700E03D2C /* DescriptionCellViewModel.swift */; };
		5CF88AA5239E4BB300E03D2C /* NoticeCell.swift in Sources */ = {isa = PBXBuildFile; fileRef = 5CF88AA4239E4BB300E03D2C /* NoticeCell.swift */; };
		5CF88ACD23A081C300E03D2C /* ZoomAnimator.swift in Sources */ = {isa = PBXBuildFile; fileRef = 5CF88ACC23A081C300E03D2C /* ZoomAnimator.swift */; };
		5CF88AD323A1CE4500E03D2C /* String+Additions.swift in Sources */ = {isa = PBXBuildFile; fileRef = 5CF88AD223A1CE4500E03D2C /* String+Additions.swift */; };
		5CF88AD723A1D63200E03D2C /* ProductListViewController+Transition.swift in Sources */ = {isa = PBXBuildFile; fileRef = 5CF88AD623A1D63200E03D2C /* ProductListViewController+Transition.swift */; };
		5CF88B0523A2016C00E03D2C /* NetworkServiceStub.swift in Sources */ = {isa = PBXBuildFile; fileRef = 5CF88B0423A2016C00E03D2C /* NetworkServiceStub.swift */; };
		5CF88B0823A206DD00E03D2C /* product_list.json in Resources */ = {isa = PBXBuildFile; fileRef = 5CF88B0723A206DD00E03D2C /* product_list.json */; };
		5CF88B0A23A2070A00E03D2C /* product_detail.json in Resources */ = {isa = PBXBuildFile; fileRef = 5CF88B0923A2070A00E03D2C /* product_detail.json */; };
		5CF88B0C23A21D4900E03D2C /* network_error.json in Resources */ = {isa = PBXBuildFile; fileRef = 5CF88B0B23A21D4900E03D2C /* network_error.json */; };
		5CF88B1223A3A55A00E03D2C /* ProductListViewModelTest.swift in Sources */ = {isa = PBXBuildFile; fileRef = 5CF88B1123A3A55A00E03D2C /* ProductListViewModelTest.swift */; };
		5CF88B1523A3A57B00E03D2C /* ProductCellViewModelTest.swift in Sources */ = {isa = PBXBuildFile; fileRef = 5CF88B1423A3A57B00E03D2C /* ProductCellViewModelTest.swift */; };
		5CFA111323A3FDDD00B3358A /* XCTestCase+Additions.swift in Sources */ = {isa = PBXBuildFile; fileRef = 5CFA111223A3FDDD00B3358A /* XCTestCase+Additions.swift */; };
		5CFA111523A408DE00B3358A /* Mocker.swift in Sources */ = {isa = PBXBuildFile; fileRef = 5CFA111423A408DE00B3358A /* Mocker.swift */; };
		5CFA111B23A486D000B3358A /* ProductDetailViewModel.swift in Sources */ = {isa = PBXBuildFile; fileRef = 5CFA111A23A486D000B3358A /* ProductDetailViewModel.swift */; };
		5CFA111D23A4CC9300B3358A /* ThumbnailCollectionViewCellViewModelTest.swift in Sources */ = {isa = PBXBuildFile; fileRef = 5CFA111C23A4CC9300B3358A /* ThumbnailCollectionViewCellViewModelTest.swift */; };
		5CFA111F23A53FFB00B3358A /* ProductInfoCellViewModelTest.swift in Sources */ = {isa = PBXBuildFile; fileRef = 5CFA111E23A53FFB00B3358A /* ProductInfoCellViewModelTest.swift */; };
		5CFA112123A542DB00B3358A /* ThumbnailCellViewModelTest.swift in Sources */ = {isa = PBXBuildFile; fileRef = 5CFA112023A542DB00B3358A /* ThumbnailCellViewModelTest.swift */; };
		5CFA112323A5436800B3358A /* DescriptionCellViewModelTest.swift in Sources */ = {isa = PBXBuildFile; fileRef = 5CFA112223A5436800B3358A /* DescriptionCellViewModelTest.swift */; };
		5CFD687A23961DDF004E19E4 /* IdusUseCase.swift in Sources */ = {isa = PBXBuildFile; fileRef = 5CFD687923961DDF004E19E4 /* IdusUseCase.swift */; };
		5CFD687D23961EC6004E19E4 /* IdusRepository.swift in Sources */ = {isa = PBXBuildFile; fileRef = 5CFD687C23961EC6004E19E4 /* IdusRepository.swift */; };
		5CFD688023961F53004E19E4 /* IdusRepositoryType.swift in Sources */ = {isa = PBXBuildFile; fileRef = 5CFD687F23961F53004E19E4 /* IdusRepositoryType.swift */; };
		5CFD688323962197004E19E4 /* DebugPrint.swift in Sources */ = {isa = PBXBuildFile; fileRef = 5CFD688223962197004E19E4 /* DebugPrint.swift */; };
		5CFD6885239637C9004E19E4 /* Data+Decode.swift in Sources */ = {isa = PBXBuildFile; fileRef = 5CFD6884239637C9004E19E4 /* Data+Decode.swift */; };
		CFBA625EC56A705F0F790615 /* Pods_idusTests.framework in Frameworks */ = {isa = PBXBuildFile; fileRef = 5CEF71EF7F67D6A9D8A98E2F /* Pods_idusTests.framework */; };
/* End PBXBuildFile section */

/* Begin PBXContainerItemProxy section */
		5C14519F239515F700441597 /* PBXContainerItemProxy */ = {
			isa = PBXContainerItemProxy;
			containerPortal = 5C145180239515F300441597 /* Project object */;
			proxyType = 1;
			remoteGlobalIDString = 5C145187239515F300441597;
			remoteInfo = idus;
		};
		5C1451AA239515F700441597 /* PBXContainerItemProxy */ = {
			isa = PBXContainerItemProxy;
			containerPortal = 5C145180239515F300441597 /* Project object */;
			proxyType = 1;
			remoteGlobalIDString = 5C145187239515F300441597;
			remoteInfo = idus;
		};
/* End PBXContainerItemProxy section */

/* Begin PBXFileReference section */
		031BB128C9CCDEB29E89535F /* Pods-idus.debug.xcconfig */ = {isa = PBXFileReference; includeInIndex = 1; lastKnownFileType = text.xcconfig; name = "Pods-idus.debug.xcconfig"; path = "Target Support Files/Pods-idus/Pods-idus.debug.xcconfig"; sourceTree = "<group>"; };
		0461001FBE25FC47B3312DFB /* Pods-idusTests.debug.xcconfig */ = {isa = PBXFileReference; includeInIndex = 1; lastKnownFileType = text.xcconfig; name = "Pods-idusTests.debug.xcconfig"; path = "Target Support Files/Pods-idusTests/Pods-idusTests.debug.xcconfig"; sourceTree = "<group>"; };
		051C8CD8614A4B5FE42DA30C /* Pods_idusUITests.framework */ = {isa = PBXFileReference; explicitFileType = wrapper.framework; includeInIndex = 0; path = Pods_idusUITests.framework; sourceTree = BUILT_PRODUCTS_DIR; };
		5C145188239515F300441597 /* idus.app */ = {isa = PBXFileReference; explicitFileType = wrapper.application; includeInIndex = 0; path = idus.app; sourceTree = BUILT_PRODUCTS_DIR; };
		5C14518B239515F300441597 /* AppDelegate.swift */ = {isa = PBXFileReference; lastKnownFileType = sourcecode.swift; path = AppDelegate.swift; sourceTree = "<group>"; };
		5C145194239515F700441597 /* Assets.xcassets */ = {isa = PBXFileReference; lastKnownFileType = folder.assetcatalog; path = Assets.xcassets; sourceTree = "<group>"; };
		5C145197239515F700441597 /* Base */ = {isa = PBXFileReference; lastKnownFileType = file.storyboard; name = Base; path = Base.lproj/LaunchScreen.storyboard; sourceTree = "<group>"; };
		5C145199239515F700441597 /* Info.plist */ = {isa = PBXFileReference; lastKnownFileType = text.plist.xml; path = Info.plist; sourceTree = "<group>"; };
		5C14519E239515F700441597 /* idusTests.xctest */ = {isa = PBXFileReference; explicitFileType = wrapper.cfbundle; includeInIndex = 0; path = idusTests.xctest; sourceTree = BUILT_PRODUCTS_DIR; };
		5C1451A4239515F700441597 /* Info.plist */ = {isa = PBXFileReference; lastKnownFileType = text.plist.xml; path = Info.plist; sourceTree = "<group>"; };
		5C1451A9239515F700441597 /* idusUITests.xctest */ = {isa = PBXFileReference; explicitFileType = wrapper.cfbundle; includeInIndex = 0; path = idusUITests.xctest; sourceTree = BUILT_PRODUCTS_DIR; };
		5C1451AD239515F700441597 /* idusUITests.swift */ = {isa = PBXFileReference; lastKnownFileType = sourcecode.swift; path = idusUITests.swift; sourceTree = "<group>"; };
		5C1451AF239515F700441597 /* Info.plist */ = {isa = PBXFileReference; lastKnownFileType = text.plist.xml; path = Info.plist; sourceTree = "<group>"; };
		5C1451C823951D3600441597 /* BaseViewController.swift */ = {isa = PBXFileReference; lastKnownFileType = sourcecode.swift; name = BaseViewController.swift; path = idus/Core/BaseViewController.swift; sourceTree = SOURCE_ROOT; };
		5C1451CA23951FBC00441597 /* Navigator.swift */ = {isa = PBXFileReference; lastKnownFileType = sourcecode.swift; path = Navigator.swift; sourceTree = "<group>"; };
		5C1451CC2395211300441597 /* ProductListViewController.swift */ = {isa = PBXFileReference; lastKnownFileType = sourcecode.swift; name = ProductListViewController.swift; path = idus/Presentation/ProductListViewController.swift; sourceTree = SOURCE_ROOT; };
		5C1451CE2395211E00441597 /* ProductListViewModel.swift */ = {isa = PBXFileReference; lastKnownFileType = sourcecode.swift; path = ProductListViewModel.swift; sourceTree = "<group>"; };
		5C1451D02395252000441597 /* BaseNavigationController.swift */ = {isa = PBXFileReference; lastKnownFileType = sourcecode.swift; name = BaseNavigationController.swift; path = idus/BaseNavigationController.swift; sourceTree = SOURCE_ROOT; };
		5C1451D4239545E200441597 /* ProductCell.swift */ = {isa = PBXFileReference; lastKnownFileType = sourcecode.swift; path = ProductCell.swift; sourceTree = "<group>"; };
		5C1451D62395487000441597 /* BaseCollectionViewCell.swift */ = {isa = PBXFileReference; lastKnownFileType = sourcecode.swift; name = BaseCollectionViewCell.swift; path = idus/BaseCollectionViewCell.swift; sourceTree = SOURCE_ROOT; };
		5C1451D823954C3F00441597 /* UIView+Additions.swift */ = {isa = PBXFileReference; lastKnownFileType = sourcecode.swift; path = "UIView+Additions.swift"; sourceTree = "<group>"; };
		5C1451DA23954C5400441597 /* CALayer+Sketch.swift */ = {isa = PBXFileReference; lastKnownFileType = sourcecode.swift; path = "CALayer+Sketch.swift"; sourceTree = "<group>"; };
		5C1451DC23954D1B00441597 /* UIColor+Additions.swift */ = {isa = PBXFileReference; lastKnownFileType = sourcecode.swift; path = "UIColor+Additions.swift"; sourceTree = "<group>"; };
		5C1451E123955D5C00441597 /* NotoSansCJKkr-DemiLight.otf */ = {isa = PBXFileReference; lastKnownFileType = file; path = "NotoSansCJKkr-DemiLight.otf"; sourceTree = "<group>"; };
		5C1451E223955D5D00441597 /* NotoSansCJKkr-Regular.otf */ = {isa = PBXFileReference; lastKnownFileType = file; path = "NotoSansCJKkr-Regular.otf"; sourceTree = "<group>"; };
		5C1451E323955D5F00441597 /* NotoSansCJKkr-Medium.otf */ = {isa = PBXFileReference; lastKnownFileType = file; path = "NotoSansCJKkr-Medium.otf"; sourceTree = "<group>"; };
		5C1451E423955D6000441597 /* NotoSansCJKkr-Light.otf */ = {isa = PBXFileReference; lastKnownFileType = file; path = "NotoSansCJKkr-Light.otf"; sourceTree = "<group>"; };
		5C1451E523955D6100441597 /* NotoSansCJKkr-Bold.otf */ = {isa = PBXFileReference; lastKnownFileType = file; path = "NotoSansCJKkr-Bold.otf"; sourceTree = "<group>"; };
		5C1451E623955D6200441597 /* NotoSansMonoCJKkr-Bold.otf */ = {isa = PBXFileReference; lastKnownFileType = file; path = "NotoSansMonoCJKkr-Bold.otf"; sourceTree = "<group>"; };
		5C1451E723955D6300441597 /* NotoSansMonoCJKkr-Regular.otf */ = {isa = PBXFileReference; lastKnownFileType = file; path = "NotoSansMonoCJKkr-Regular.otf"; sourceTree = "<group>"; };
		5C1451E823955D6400441597 /* NotoSansCJKkr-Black.otf */ = {isa = PBXFileReference; lastKnownFileType = file; path = "NotoSansCJKkr-Black.otf"; sourceTree = "<group>"; };
		5C1451E923955D6500441597 /* NotoSansCJKkr-Thin.otf */ = {isa = PBXFileReference; lastKnownFileType = file; path = "NotoSansCJKkr-Thin.otf"; sourceTree = "<group>"; };
		5C1451F323955E9400441597 /* Font.swift */ = {isa = PBXFileReference; lastKnownFileType = sourcecode.swift; path = Font.swift; sourceTree = "<group>"; };
		5C1451F523955EAA00441597 /* App.swift */ = {isa = PBXFileReference; lastKnownFileType = sourcecode.swift; name = App.swift; path = idus/Core/App.swift; sourceTree = SOURCE_ROOT; };
		5C1451F72395623200441597 /* Color.swift */ = {isa = PBXFileReference; lastKnownFileType = sourcecode.swift; name = Color.swift; path = idus/Color.swift; sourceTree = SOURCE_ROOT; };
		5C1451FF23956B6A00441597 /* IdusRouter.swift */ = {isa = PBXFileReference; lastKnownFileType = sourcecode.swift; name = IdusRouter.swift; path = idus/Data/NetworkData/IdusRouter.swift; sourceTree = SOURCE_ROOT; };
		5C14520123956E7700441597 /* NetworkService.swift */ = {isa = PBXFileReference; lastKnownFileType = sourcecode.swift; name = NetworkService.swift; path = idus/Data/NetworkData/Service/NetworkService.swift; sourceTree = SOURCE_ROOT; };
		5C1452032395705500441597 /* NetworkDataResponse.swift */ = {isa = PBXFileReference; lastKnownFileType = sourcecode.swift; path = NetworkDataResponse.swift; sourceTree = "<group>"; };
		5C1452052395707800441597 /* NetworkError.swift */ = {isa = PBXFileReference; lastKnownFileType = sourcecode.swift; path = NetworkError.swift; sourceTree = "<group>"; };
		5C1452082395751A00441597 /* IdusErrorModel.swift */ = {isa = PBXFileReference; lastKnownFileType = sourcecode.swift; name = IdusErrorModel.swift; path = idus/Domain/Entity/IdusErrorModel.swift; sourceTree = SOURCE_ROOT; };
		5C14520B2399644600441597 /* ThumbnailCollectionViewCell.swift */ = {isa = PBXFileReference; lastKnownFileType = sourcecode.swift; name = ThumbnailCollectionViewCell.swift; path = idus/Presentation/Scenes/ProductDetail/Cell/ThumbnailCollectionViewCell.swift; sourceTree = SOURCE_ROOT; };
		5C14520D2399645C00441597 /* ThumbnailCollectionViewCellViewModel.swift */ = {isa = PBXFileReference; lastKnownFileType = sourcecode.swift; name = ThumbnailCollectionViewCellViewModel.swift; path = idus/Presentation/Scenes/ProductDetail/Cell/ThumbnailCollectionViewCellViewModel.swift; sourceTree = SOURCE_ROOT; };
		5C14520F239965F400441597 /* ProductDetailViewController+TableViewDecorator.swift */ = {isa = PBXFileReference; lastKnownFileType = sourcecode.swift; path = "ProductDetailViewController+TableViewDecorator.swift"; sourceTree = "<group>"; };
		5C1452112399697900441597 /* TableViewDecorator.swift */ = {isa = PBXFileReference; lastKnownFileType = sourcecode.swift; name = TableViewDecorator.swift; path = idus/TableViewDecorator.swift; sourceTree = SOURCE_ROOT; };
		5C14521323996B9B00441597 /* BaseTableViewCell.swift */ = {isa = PBXFileReference; lastKnownFileType = sourcecode.swift; name = BaseTableViewCell.swift; path = idus/Core/BaseTableViewCell.swift; sourceTree = SOURCE_ROOT; };
		5C145215239D5C8B00441597 /* ProductInfoCell.swift */ = {isa = PBXFileReference; lastKnownFileType = sourcecode.swift; path = ProductInfoCell.swift; sourceTree = "<group>"; };
		5C145217239D5CA400441597 /* ProductInfoCellViewModel.swift */ = {isa = PBXFileReference; lastKnownFileType = sourcecode.swift; name = ProductInfoCellViewModel.swift; path = idus/Presentation/Scenes/ProductDetail/Cell/ProductInfoCellViewModel.swift; sourceTree = SOURCE_ROOT; };
		5C145219239D5F0400441597 /* UILabel+Additions.swift */ = {isa = PBXFileReference; lastKnownFileType = sourcecode.swift; name = "UILabel+Additions.swift"; path = "idus/UILabel+Additions.swift"; sourceTree = SOURCE_ROOT; };
		5C681CEF2395F4A8000189F2 /* ProductListViewController+CollectionViewDecorator.swift */ = {isa = PBXFileReference; lastKnownFileType = sourcecode.swift; path = "ProductListViewController+CollectionViewDecorator.swift"; sourceTree = "<group>"; };
		5C681CF12395F791000189F2 /* CollectionViewDecorator.swift */ = {isa = PBXFileReference; lastKnownFileType = sourcecode.swift; name = CollectionViewDecorator.swift; path = idus/Presentation/Scenes/ProductList/CollectionViewDecorator.swift; sourceTree = SOURCE_ROOT; };
		5CBCBE132396070C0098A60D /* ProductCellViewModel.swift */ = {isa = PBXFileReference; lastKnownFileType = sourcecode.swift; path = ProductCellViewModel.swift; sourceTree = "<group>"; };
		5CBCBE18239608DA0098A60D /* ProductModel.swift */ = {isa = PBXFileReference; lastKnownFileType = sourcecode.swift; path = ProductModel.swift; sourceTree = "<group>"; };
		5CDECEFC239D660A00109136 /* SF-Pro-Text-Bold.otf */ = {isa = PBXFileReference; lastKnownFileType = file; path = "SF-Pro-Text-Bold.otf"; sourceTree = "<group>"; };
		5CDECEFD239D660A00109136 /* SF-Pro-Text-Regular.otf */ = {isa = PBXFileReference; lastKnownFileType = file; path = "SF-Pro-Text-Regular.otf"; sourceTree = "<group>"; };
		5CDECEFE239D660A00109136 /* SF-Pro-Text-Medium.otf */ = {isa = PBXFileReference; lastKnownFileType = file; path = "SF-Pro-Text-Medium.otf"; sourceTree = "<group>"; };
		5CDECEFF239D660B00109136 /* SF-Pro-Text-Semibold.otf */ = {isa = PBXFileReference; lastKnownFileType = file; path = "SF-Pro-Text-Semibold.otf"; sourceTree = "<group>"; };
		5CDECF00239D660B00109136 /* SF-Pro-Text-Heavy.otf */ = {isa = PBXFileReference; lastKnownFileType = file; path = "SF-Pro-Text-Heavy.otf"; sourceTree = "<group>"; };
		5CDECF01239D660B00109136 /* SF-Pro-Text-Light.otf */ = {isa = PBXFileReference; lastKnownFileType = file; path = "SF-Pro-Text-Light.otf"; sourceTree = "<group>"; };
		5CEF71EF7F67D6A9D8A98E2F /* Pods_idusTests.framework */ = {isa = PBXFileReference; explicitFileType = wrapper.framework; includeInIndex = 0; path = Pods_idusTests.framework; sourceTree = BUILT_PRODUCTS_DIR; };
		5CF88A8B23977F5100E03D2C /* RefreshFooterView.swift */ = {isa = PBXFileReference; lastKnownFileType = sourcecode.swift; path = RefreshFooterView.swift; sourceTree = "<group>"; };
		5CF88A8F2398ECD700E03D2C /* ProductDetailViewController.swift */ = {isa = PBXFileReference; lastKnownFileType = sourcecode.swift; path = ProductDetailViewController.swift; sourceTree = "<group>"; };
		5CF88A922398ECEA00E03D2C /* ProductDetailViewModel.swift */ = {isa = PBXFileReference; lastKnownFileType = sourcecode.swift; path = ProductDetailViewModel.swift; sourceTree = "<group>"; };
		5CF88A942399EC5100E03D2C /* ThumbnailCollectionViewCell+CollectionViewDecorator.swift */ = {isa = PBXFileReference; lastKnownFileType = sourcecode.swift; path = "ThumbnailCollectionViewCell+CollectionViewDecorator.swift"; sourceTree = "<group>"; };
		5CF88A962399F1B400E03D2C /* ThumbnailCell.swift */ = {isa = PBXFileReference; lastKnownFileType = sourcecode.swift; path = ThumbnailCell.swift; sourceTree = "<group>"; };
		5CF88A982399F98100E03D2C /* ThumbnailCellViewModel.swift */ = {isa = PBXFileReference; lastKnownFileType = sourcecode.swift; path = ThumbnailCellViewModel.swift; sourceTree = "<group>"; };
		5CF88A9A239A0C2B00E03D2C /* ProductDetailModel.swift */ = {isa = PBXFileReference; lastKnownFileType = sourcecode.swift; path = ProductDetailModel.swift; sourceTree = "<group>"; };
		5CF88A9C239E30FB00E03D2C /* DescriptionCell.swift */ = {isa = PBXFileReference; lastKnownFileType = sourcecode.swift; path = DescriptionCell.swift; sourceTree = "<group>"; };
		5CF88A9E239E310700E03D2C /* DescriptionCellViewModel.swift */ = {isa = PBXFileReference; lastKnownFileType = sourcecode.swift; path = DescriptionCellViewModel.swift; sourceTree = "<group>"; };
		5CF88AA4239E4BB300E03D2C /* NoticeCell.swift */ = {isa = PBXFileReference; lastKnownFileType = sourcecode.swift; path = NoticeCell.swift; sourceTree = "<group>"; };
		5CF88ACC23A081C300E03D2C /* ZoomAnimator.swift */ = {isa = PBXFileReference; lastKnownFileType = sourcecode.swift; path = ZoomAnimator.swift; sourceTree = "<group>"; };
		5CF88AD223A1CE4500E03D2C /* String+Additions.swift */ = {isa = PBXFileReference; lastKnownFileType = sourcecode.swift; path = "String+Additions.swift"; sourceTree = "<group>"; };
		5CF88AD623A1D63200E03D2C /* ProductListViewController+Transition.swift */ = {isa = PBXFileReference; lastKnownFileType = sourcecode.swift; path = "ProductListViewController+Transition.swift"; sourceTree = "<group>"; };
		5CF88B0423A2016C00E03D2C /* NetworkServiceStub.swift */ = {isa = PBXFileReference; lastKnownFileType = sourcecode.swift; path = NetworkServiceStub.swift; sourceTree = "<group>"; };
		5CF88B0723A206DD00E03D2C /* product_list.json */ = {isa = PBXFileReference; lastKnownFileType = text.json; path = product_list.json; sourceTree = "<group>"; };
		5CF88B0923A2070A00E03D2C /* product_detail.json */ = {isa = PBXFileReference; lastKnownFileType = text.json; path = product_detail.json; sourceTree = "<group>"; };
		5CF88B0B23A21D4900E03D2C /* network_error.json */ = {isa = PBXFileReference; lastKnownFileType = text.json; path = network_error.json; sourceTree = "<group>"; };
		5CF88B1123A3A55A00E03D2C /* ProductListViewModelTest.swift */ = {isa = PBXFileReference; lastKnownFileType = sourcecode.swift; path = ProductListViewModelTest.swift; sourceTree = "<group>"; };
		5CF88B1423A3A57B00E03D2C /* ProductCellViewModelTest.swift */ = {isa = PBXFileReference; lastKnownFileType = sourcecode.swift; path = ProductCellViewModelTest.swift; sourceTree = "<group>"; };
		5CFA111223A3FDDD00B3358A /* XCTestCase+Additions.swift */ = {isa = PBXFileReference; lastKnownFileType = sourcecode.swift; name = "XCTestCase+Additions.swift"; path = "idusTests/XCTestCase+Additions.swift"; sourceTree = SOURCE_ROOT; };
		5CFA111423A408DE00B3358A /* Mocker.swift */ = {isa = PBXFileReference; lastKnownFileType = sourcecode.swift; path = Mocker.swift; sourceTree = "<group>"; };
		5CFA111A23A486D000B3358A /* ProductDetailViewModel.swift */ = {isa = PBXFileReference; lastKnownFileType = sourcecode.swift; name = ProductDetailViewModel.swift; path = idusTests/Presentation/ProductDetailViewModel.swift; sourceTree = SOURCE_ROOT; };
		5CFA111C23A4CC9300B3358A /* ThumbnailCollectionViewCellViewModelTest.swift */ = {isa = PBXFileReference; lastKnownFileType = sourcecode.swift; path = ThumbnailCollectionViewCellViewModelTest.swift; sourceTree = "<group>"; };
		5CFA111E23A53FFB00B3358A /* ProductInfoCellViewModelTest.swift */ = {isa = PBXFileReference; lastKnownFileType = sourcecode.swift; path = ProductInfoCellViewModelTest.swift; sourceTree = "<group>"; };
		5CFA112023A542DB00B3358A /* ThumbnailCellViewModelTest.swift */ = {isa = PBXFileReference; lastKnownFileType = sourcecode.swift; path = ThumbnailCellViewModelTest.swift; sourceTree = "<group>"; };
		5CFA112223A5436800B3358A /* DescriptionCellViewModelTest.swift */ = {isa = PBXFileReference; lastKnownFileType = sourcecode.swift; path = DescriptionCellViewModelTest.swift; sourceTree = "<group>"; };
		5CFD687923961DDF004E19E4 /* IdusUseCase.swift */ = {isa = PBXFileReference; lastKnownFileType = sourcecode.swift; path = IdusUseCase.swift; sourceTree = "<group>"; };
		5CFD687C23961EC6004E19E4 /* IdusRepository.swift */ = {isa = PBXFileReference; lastKnownFileType = sourcecode.swift; path = IdusRepository.swift; sourceTree = "<group>"; };
		5CFD687F23961F53004E19E4 /* IdusRepositoryType.swift */ = {isa = PBXFileReference; lastKnownFileType = sourcecode.swift; path = IdusRepositoryType.swift; sourceTree = "<group>"; };
		5CFD688223962197004E19E4 /* DebugPrint.swift */ = {isa = PBXFileReference; lastKnownFileType = sourcecode.swift; path = DebugPrint.swift; sourceTree = "<group>"; };
		5CFD6884239637C9004E19E4 /* Data+Decode.swift */ = {isa = PBXFileReference; lastKnownFileType = sourcecode.swift; path = "Data+Decode.swift"; sourceTree = "<group>"; };
		71C4B71E969D1B7AAC3B4CB6 /* Pods-idusUITests.release.xcconfig */ = {isa = PBXFileReference; includeInIndex = 1; lastKnownFileType = text.xcconfig; name = "Pods-idusUITests.release.xcconfig"; path = "Target Support Files/Pods-idusUITests/Pods-idusUITests.release.xcconfig"; sourceTree = "<group>"; };
		9C2D1C809C3AD2BE0966B477 /* Pods-idus.release.xcconfig */ = {isa = PBXFileReference; includeInIndex = 1; lastKnownFileType = text.xcconfig; name = "Pods-idus.release.xcconfig"; path = "Target Support Files/Pods-idus/Pods-idus.release.xcconfig"; sourceTree = "<group>"; };
		C12811E7E09BA13AA43AB48D /* Pods_idus.framework */ = {isa = PBXFileReference; explicitFileType = wrapper.framework; includeInIndex = 0; path = Pods_idus.framework; sourceTree = BUILT_PRODUCTS_DIR; };
		DB20D3B1409607726431D3B3 /* Pods-idusUITests.debug.xcconfig */ = {isa = PBXFileReference; includeInIndex = 1; lastKnownFileType = text.xcconfig; name = "Pods-idusUITests.debug.xcconfig"; path = "Target Support Files/Pods-idusUITests/Pods-idusUITests.debug.xcconfig"; sourceTree = "<group>"; };
		E8C2DE9D4112D3A7EEACE47F /* Pods-idusTests.release.xcconfig */ = {isa = PBXFileReference; includeInIndex = 1; lastKnownFileType = text.xcconfig; name = "Pods-idusTests.release.xcconfig"; path = "Target Support Files/Pods-idusTests/Pods-idusTests.release.xcconfig"; sourceTree = "<group>"; };
/* End PBXFileReference section */

/* Begin PBXFrameworksBuildPhase section */
		5C145185239515F300441597 /* Frameworks */ = {
			isa = PBXFrameworksBuildPhase;
			buildActionMask = 2147483647;
			files = (
				5C2870D723A54D9E007CA573 /* Pods_idus.framework in Frameworks */,
			);
			runOnlyForDeploymentPostprocessing = 0;
		};
		5C14519B239515F700441597 /* Frameworks */ = {
			isa = PBXFrameworksBuildPhase;
			buildActionMask = 2147483647;
			files = (
				CFBA625EC56A705F0F790615 /* Pods_idusTests.framework in Frameworks */,
			);
			runOnlyForDeploymentPostprocessing = 0;
		};
		5C1451A6239515F700441597 /* Frameworks */ = {
			isa = PBXFrameworksBuildPhase;
			buildActionMask = 2147483647;
			files = (
				1DA2EB5593DC511B3ECCB80A /* Pods_idusUITests.framework in Frameworks */,
			);
			runOnlyForDeploymentPostprocessing = 0;
		};
/* End PBXFrameworksBuildPhase section */

/* Begin PBXGroup section */
		34E13ECFBA0027EE3ECC3A37 /* Frameworks */ = {
			isa = PBXGroup;
			children = (
				C12811E7E09BA13AA43AB48D /* Pods_idus.framework */,
				5CEF71EF7F67D6A9D8A98E2F /* Pods_idusTests.framework */,
				051C8CD8614A4B5FE42DA30C /* Pods_idusUITests.framework */,
			);
			name = Frameworks;
			sourceTree = "<group>";
		};
		3FE06C93A42366242B8D8395 /* Pods */ = {
			isa = PBXGroup;
			children = (
				031BB128C9CCDEB29E89535F /* Pods-idus.debug.xcconfig */,
				9C2D1C809C3AD2BE0966B477 /* Pods-idus.release.xcconfig */,
				0461001FBE25FC47B3312DFB /* Pods-idusTests.debug.xcconfig */,
				E8C2DE9D4112D3A7EEACE47F /* Pods-idusTests.release.xcconfig */,
				DB20D3B1409607726431D3B3 /* Pods-idusUITests.debug.xcconfig */,
				71C4B71E969D1B7AAC3B4CB6 /* Pods-idusUITests.release.xcconfig */,
			);
			path = Pods;
			sourceTree = "<group>";
		};
		5C14517F239515F300441597 = {
			isa = PBXGroup;
			children = (
				5C14518A239515F300441597 /* idus */,
				5C1451A1239515F700441597 /* idusTests */,
				5C1451AC239515F700441597 /* idusUITests */,
				5C145189239515F300441597 /* Products */,
				3FE06C93A42366242B8D8395 /* Pods */,
				34E13ECFBA0027EE3ECC3A37 /* Frameworks */,
			);
			sourceTree = "<group>";
		};
		5C145189239515F300441597 /* Products */ = {
			isa = PBXGroup;
			children = (
				5C145188239515F300441597 /* idus.app */,
				5C14519E239515F700441597 /* idusTests.xctest */,
				5C1451A9239515F700441597 /* idusUITests.xctest */,
			);
			name = Products;
			sourceTree = "<group>";
		};
		5C14518A239515F300441597 /* idus */ = {
			isa = PBXGroup;
			children = (
				5C145199239515F700441597 /* Info.plist */,
				5C1451BE23951BFD00441597 /* Core */,
				5C1451BB23951BC600441597 /* Presentation */,
				5C1451BC23951BF200441597 /* Domain */,
				5C1451BD23951BF700441597 /* Data */,
				5C1451BF23951C0F00441597 /* Utility */,
				5C1451C023951C1E00441597 /* Resources */,
			);
			path = idus;
			sourceTree = "<group>";
		};
		5C1451A1239515F700441597 /* idusTests */ = {
			isa = PBXGroup;
			children = (
				5CF88B0423A2016C00E03D2C /* NetworkServiceStub.swift */,
				5CFA111423A408DE00B3358A /* Mocker.swift */,
				5CFA111123A3FDB000B3358A /* Extension */,
				5CF88B1023A39EED00E03D2C /* Presentation */,
				5CF88B0623A2067A00E03D2C /* JSON */,
				5C1451A4239515F700441597 /* Info.plist */,
			);
			path = idusTests;
			sourceTree = "<group>";
		};
		5C1451AC239515F700441597 /* idusUITests */ = {
			isa = PBXGroup;
			children = (
				5C1451AD239515F700441597 /* idusUITests.swift */,
				5C1451AF239515F700441597 /* Info.plist */,
			);
			path = idusUITests;
			sourceTree = "<group>";
		};
		5C1451BB23951BC600441597 /* Presentation */ = {
			isa = PBXGroup;
			children = (
				5C1451C423951C7400441597 /* Scenes */,
			);
			path = Presentation;
			sourceTree = "<group>";
		};
		5C1451BC23951BF200441597 /* Domain */ = {
			isa = PBXGroup;
			children = (
				5CFD687823961D90004E19E4 /* UseCase */,
				5CBCBE17239608B10098A60D /* Entity */,
				5CFD687E23961F2B004E19E4 /* RepositoryType */,
			);
			path = Domain;
			sourceTree = "<group>";
		};
		5C1451BD23951BF700441597 /* Data */ = {
			isa = PBXGroup;
			children = (
				5C1451FB23956AF600441597 /* NetworkData */,
			);
			path = Data;
			sourceTree = "<group>";
		};
		5C1451BE23951BFD00441597 /* Core */ = {
			isa = PBXGroup;
			children = (
				5C14518B239515F300441597 /* AppDelegate.swift */,
				5C1451F523955EAA00441597 /* App.swift */,
				5C1451C123951C4C00441597 /* Navigator */,
				5C1451C723951CE700441597 /* Base */,
			);
			path = Core;
			sourceTree = "<group>";
		};
		5C1451BF23951C0F00441597 /* Utility */ = {
			isa = PBXGroup;
			children = (
				5CFD688123962184004E19E4 /* Debug */,
				5C1451DF23955BED00441597 /* Extension */,
				5C1451DE23955BB800441597 /* Theme */,
			);
			path = Utility;
			sourceTree = "<group>";
		};
		5C1451C023951C1E00441597 /* Resources */ = {
			isa = PBXGroup;
			children = (
				5C1451E023955D4D00441597 /* Font */,
				5C145194239515F700441597 /* Assets.xcassets */,
				5C145196239515F700441597 /* LaunchScreen.storyboard */,
			);
			path = Resources;
			sourceTree = "<group>";
		};
		5C1451C123951C4C00441597 /* Navigator */ = {
			isa = PBXGroup;
			children = (
				5C1451CA23951FBC00441597 /* Navigator.swift */,
			);
			path = Navigator;
			sourceTree = "<group>";
		};
		5C1451C423951C7400441597 /* Scenes */ = {
			isa = PBXGroup;
			children = (
				5C1451C523951C7F00441597 /* ProductList */,
				5CF88A8E2398ECCB00E03D2C /* ProductDetail */,
			);
			path = Scenes;
			sourceTree = "<group>";
		};
		5C1451C523951C7F00441597 /* ProductList */ = {
			isa = PBXGroup;
			children = (
				5C1451CC2395211300441597 /* ProductListViewController.swift */,
				5C1451CE2395211E00441597 /* ProductListViewModel.swift */,
				5C681CEF2395F4A8000189F2 /* ProductListViewController+CollectionViewDecorator.swift */,
				5CF88AD623A1D63200E03D2C /* ProductListViewController+Transition.swift */,
				5CF88AF823A1FFB400E03D2C /* Cell */,
			);
			path = ProductList;
			sourceTree = "<group>";
		};
		5C1451C723951CE700441597 /* Base */ = {
			isa = PBXGroup;
			children = (
				5C1451C823951D3600441597 /* BaseViewController.swift */,
				5C1451D02395252000441597 /* BaseNavigationController.swift */,
				5C1451D62395487000441597 /* BaseCollectionViewCell.swift */,
				5C14521323996B9B00441597 /* BaseTableViewCell.swift */,
				5C681CF12395F791000189F2 /* CollectionViewDecorator.swift */,
				5CF88A8B23977F5100E03D2C /* RefreshFooterView.swift */,
				5C1452112399697900441597 /* TableViewDecorator.swift */,
				5CF88ACC23A081C300E03D2C /* ZoomAnimator.swift */,
			);
			path = Base;
			sourceTree = "<group>";
		};
		5C1451DE23955BB800441597 /* Theme */ = {
			isa = PBXGroup;
			children = (
				5C1451F323955E9400441597 /* Font.swift */,
				5C1451F72395623200441597 /* Color.swift */,
			);
			path = Theme;
			sourceTree = "<group>";
		};
		5C1451DF23955BED00441597 /* Extension */ = {
			isa = PBXGroup;
			children = (
				5C1451D823954C3F00441597 /* UIView+Additions.swift */,
				5C1451DA23954C5400441597 /* CALayer+Sketch.swift */,
				5C1451DC23954D1B00441597 /* UIColor+Additions.swift */,
				5CFD6884239637C9004E19E4 /* Data+Decode.swift */,
				5C145219239D5F0400441597 /* UILabel+Additions.swift */,
				5CF88AD223A1CE4500E03D2C /* String+Additions.swift */,
			);
			path = Extension;
			sourceTree = "<group>";
		};
		5C1451E023955D4D00441597 /* Font */ = {
			isa = PBXGroup;
			children = (
				5CDECEFB239D65CD00109136 /* SFPro */,
				5CDECEF9239D65AF00109136 /* NotoSans */,
			);
			path = Font;
			sourceTree = "<group>";
		};
		5C1451FB23956AF600441597 /* NetworkData */ = {
			isa = PBXGroup;
			children = (
				5CFD687B23961EA2004E19E4 /* Repository */,
				5C1451FC23956B0100441597 /* Service */,
			);
			path = NetworkData;
			sourceTree = "<group>";
		};
		5C1451FC23956B0100441597 /* Service */ = {
			isa = PBXGroup;
			children = (
				5C1451FE23956B0D00441597 /* Network */,
				5C1451FD23956B0A00441597 /* Router */,
			);
			path = Service;
			sourceTree = "<group>";
		};
		5C1451FD23956B0A00441597 /* Router */ = {
			isa = PBXGroup;
			children = (
				5C1451FF23956B6A00441597 /* IdusRouter.swift */,
			);
			path = Router;
			sourceTree = "<group>";
		};
		5C1451FE23956B0D00441597 /* Network */ = {
			isa = PBXGroup;
			children = (
				5C14520123956E7700441597 /* NetworkService.swift */,
				5C1452032395705500441597 /* NetworkDataResponse.swift */,
				5C1452052395707800441597 /* NetworkError.swift */,
			);
			path = Network;
			sourceTree = "<group>";
		};
		5CBCBE17239608B10098A60D /* Entity */ = {
			isa = PBXGroup;
			children = (
				5C1452082395751A00441597 /* IdusErrorModel.swift */,
				5CBCBE18239608DA0098A60D /* ProductModel.swift */,
				5CF88A9A239A0C2B00E03D2C /* ProductDetailModel.swift */,
			);
			path = Entity;
			sourceTree = "<group>";
		};
		5CDECEF9239D65AF00109136 /* NotoSans */ = {
			isa = PBXGroup;
			children = (
				5C1451E823955D6400441597 /* NotoSansCJKkr-Black.otf */,
				5C1451E523955D6100441597 /* NotoSansCJKkr-Bold.otf */,
				5C1451E123955D5C00441597 /* NotoSansCJKkr-DemiLight.otf */,
				5C1451E423955D6000441597 /* NotoSansCJKkr-Light.otf */,
				5C1451E323955D5F00441597 /* NotoSansCJKkr-Medium.otf */,
				5C1451E223955D5D00441597 /* NotoSansCJKkr-Regular.otf */,
				5C1451E923955D6500441597 /* NotoSansCJKkr-Thin.otf */,
				5C1451E623955D6200441597 /* NotoSansMonoCJKkr-Bold.otf */,
				5C1451E723955D6300441597 /* NotoSansMonoCJKkr-Regular.otf */,
			);
			path = NotoSans;
			sourceTree = "<group>";
		};
		5CDECEFB239D65CD00109136 /* SFPro */ = {
			isa = PBXGroup;
			children = (
				5CDECEFC239D660A00109136 /* SF-Pro-Text-Bold.otf */,
				5CDECF00239D660B00109136 /* SF-Pro-Text-Heavy.otf */,
				5CDECF01239D660B00109136 /* SF-Pro-Text-Light.otf */,
				5CDECEFE239D660A00109136 /* SF-Pro-Text-Medium.otf */,
				5CDECEFD239D660A00109136 /* SF-Pro-Text-Regular.otf */,
				5CDECEFF239D660B00109136 /* SF-Pro-Text-Semibold.otf */,
			);
			name = SFPro;
			path = "New Group1";
			sourceTree = "<group>";
		};
		5CF88A8E2398ECCB00E03D2C /* ProductDetail */ = {
			isa = PBXGroup;
			children = (
				5CF88A8F2398ECD700E03D2C /* ProductDetailViewController.swift */,
				5CF88A922398ECEA00E03D2C /* ProductDetailViewModel.swift */,
				5C14520F239965F400441597 /* ProductDetailViewController+TableViewDecorator.swift */,
				5CF88AF923A1FFCE00E03D2C /* Cell */,
			);
			path = ProductDetail;
			sourceTree = "<group>";
		};
		5CF88AF823A1FFB400E03D2C /* Cell */ = {
			isa = PBXGroup;
			children = (
				5C1451D4239545E200441597 /* ProductCell.swift */,
				5CBCBE132396070C0098A60D /* ProductCellViewModel.swift */,
			);
			path = Cell;
			sourceTree = "<group>";
		};
		5CF88AF923A1FFCE00E03D2C /* Cell */ = {
			isa = PBXGroup;
			children = (
				5C14520B2399644600441597 /* ThumbnailCollectionViewCell.swift */,
				5C14520D2399645C00441597 /* ThumbnailCollectionViewCellViewModel.swift */,
				5CF88A942399EC5100E03D2C /* ThumbnailCollectionViewCell+CollectionViewDecorator.swift */,
				5CF88A962399F1B400E03D2C /* ThumbnailCell.swift */,
				5CF88A982399F98100E03D2C /* ThumbnailCellViewModel.swift */,
				5C145215239D5C8B00441597 /* ProductInfoCell.swift */,
				5C145217239D5CA400441597 /* ProductInfoCellViewModel.swift */,
				5CF88A9C239E30FB00E03D2C /* DescriptionCell.swift */,
				5CF88A9E239E310700E03D2C /* DescriptionCellViewModel.swift */,
				5CF88AA4239E4BB300E03D2C /* NoticeCell.swift */,
			);
			path = Cell;
			sourceTree = "<group>";
		};
		5CF88B0623A2067A00E03D2C /* JSON */ = {
			isa = PBXGroup;
			children = (
				5CF88B0723A206DD00E03D2C /* product_list.json */,
				5CF88B0923A2070A00E03D2C /* product_detail.json */,
				5CF88B0B23A21D4900E03D2C /* network_error.json */,
			);
			path = JSON;
			sourceTree = "<group>";
		};
		5CF88B1023A39EED00E03D2C /* Presentation */ = {
			isa = PBXGroup;
			children = (
				5CFA111623A486A400B3358A /* ProductList */,
				5CFA111923A486BA00B3358A /* ProductDetail */,
			);
			path = Presentation;
			sourceTree = "<group>";
		};
		5CFA111123A3FDB000B3358A /* Extension */ = {
			isa = PBXGroup;
			children = (
				5CFA111223A3FDDD00B3358A /* XCTestCase+Additions.swift */,
			);
			path = Extension;
			sourceTree = "<group>";
		};
		5CFA111623A486A400B3358A /* ProductList */ = {
			isa = PBXGroup;
			children = (
				5CF88B1123A3A55A00E03D2C /* ProductListViewModelTest.swift */,
				5CF88B1423A3A57B00E03D2C /* ProductCellViewModelTest.swift */,
			);
			path = ProductList;
			sourceTree = "<group>";
		};
		5CFA111923A486BA00B3358A /* ProductDetail */ = {
			isa = PBXGroup;
			children = (
				5CFA111A23A486D000B3358A /* ProductDetailViewModel.swift */,
				5CFA111C23A4CC9300B3358A /* ThumbnailCollectionViewCellViewModelTest.swift */,
				5CFA112023A542DB00B3358A /* ThumbnailCellViewModelTest.swift */,
				5CFA111E23A53FFB00B3358A /* ProductInfoCellViewModelTest.swift */,
				5CFA112223A5436800B3358A /* DescriptionCellViewModelTest.swift */,
			);
			path = ProductDetail;
			sourceTree = "<group>";
		};
		5CFD687823961D90004E19E4 /* UseCase */ = {
			isa = PBXGroup;
			children = (
				5CFD687923961DDF004E19E4 /* IdusUseCase.swift */,
			);
			path = UseCase;
			sourceTree = "<group>";
		};
		5CFD687B23961EA2004E19E4 /* Repository */ = {
			isa = PBXGroup;
			children = (
				5CFD687C23961EC6004E19E4 /* IdusRepository.swift */,
			);
			path = Repository;
			sourceTree = "<group>";
		};
		5CFD687E23961F2B004E19E4 /* RepositoryType */ = {
			isa = PBXGroup;
			children = (
				5CFD687F23961F53004E19E4 /* IdusRepositoryType.swift */,
			);
			path = RepositoryType;
			sourceTree = "<group>";
		};
		5CFD688123962184004E19E4 /* Debug */ = {
			isa = PBXGroup;
			children = (
				5CFD688223962197004E19E4 /* DebugPrint.swift */,
			);
			path = Debug;
			sourceTree = "<group>";
		};
/* End PBXGroup section */

/* Begin PBXNativeTarget section */
		5C145187239515F300441597 /* idus */ = {
			isa = PBXNativeTarget;
			buildConfigurationList = 5C1451B2239515F700441597 /* Build configuration list for PBXNativeTarget "idus" */;
			buildPhases = (
				D8857BE4E840B13250014679 /* [CP] Check Pods Manifest.lock */,
				5C145184239515F300441597 /* Sources */,
				5C145185239515F300441597 /* Frameworks */,
				5C145186239515F300441597 /* Resources */,
				3F895A1CC3E63F177E65C9C7 /* [CP] Embed Pods Frameworks */,
			);
			buildRules = (
			);
			dependencies = (
			);
			name = idus;
			productName = idus;
			productReference = 5C145188239515F300441597 /* idus.app */;
			productType = "com.apple.product-type.application";
		};
		5C14519D239515F700441597 /* idusTests */ = {
			isa = PBXNativeTarget;
			buildConfigurationList = 5C1451B5239515F700441597 /* Build configuration list for PBXNativeTarget "idusTests" */;
			buildPhases = (
				A403D3470542FC76A08BD1E6 /* [CP] Check Pods Manifest.lock */,
				5C14519A239515F700441597 /* Sources */,
				5C14519B239515F700441597 /* Frameworks */,
				5C14519C239515F700441597 /* Resources */,
			);
			buildRules = (
			);
			dependencies = (
				5C1451A0239515F700441597 /* PBXTargetDependency */,
			);
			name = idusTests;
			productName = idusTests;
			productReference = 5C14519E239515F700441597 /* idusTests.xctest */;
			productType = "com.apple.product-type.bundle.unit-test";
		};
		5C1451A8239515F700441597 /* idusUITests */ = {
			isa = PBXNativeTarget;
			buildConfigurationList = 5C1451B8239515F700441597 /* Build configuration list for PBXNativeTarget "idusUITests" */;
			buildPhases = (
				D2705F4C3DA15819394FF3F6 /* [CP] Check Pods Manifest.lock */,
				5C1451A5239515F700441597 /* Sources */,
				5C1451A6239515F700441597 /* Frameworks */,
				5C1451A7239515F700441597 /* Resources */,
			);
			buildRules = (
			);
			dependencies = (
				5C1451AB239515F700441597 /* PBXTargetDependency */,
			);
			name = idusUITests;
			productName = idusUITests;
			productReference = 5C1451A9239515F700441597 /* idusUITests.xctest */;
			productType = "com.apple.product-type.bundle.ui-testing";
		};
/* End PBXNativeTarget section */

/* Begin PBXProject section */
		5C145180239515F300441597 /* Project object */ = {
			isa = PBXProject;
			attributes = {
				LastSwiftUpdateCheck = 1120;
				LastUpgradeCheck = 1120;
				ORGANIZATIONNAME = Jinnify;
				TargetAttributes = {
					5C145187239515F300441597 = {
						CreatedOnToolsVersion = 11.2.1;
					};
					5C14519D239515F700441597 = {
						CreatedOnToolsVersion = 11.2.1;
						TestTargetID = 5C145187239515F300441597;
					};
					5C1451A8239515F700441597 = {
						CreatedOnToolsVersion = 11.2.1;
						TestTargetID = 5C145187239515F300441597;
					};
				};
			};
			buildConfigurationList = 5C145183239515F300441597 /* Build configuration list for PBXProject "idus" */;
			compatibilityVersion = "Xcode 9.3";
			developmentRegion = en;
			hasScannedForEncodings = 0;
			knownRegions = (
				en,
				Base,
			);
			mainGroup = 5C14517F239515F300441597;
			productRefGroup = 5C145189239515F300441597 /* Products */;
			projectDirPath = "";
			projectRoot = "";
			targets = (
				5C145187239515F300441597 /* idus */,
				5C14519D239515F700441597 /* idusTests */,
				5C1451A8239515F700441597 /* idusUITests */,
			);
		};
/* End PBXProject section */

/* Begin PBXResourcesBuildPhase section */
		5C145186239515F300441597 /* Resources */ = {
			isa = PBXResourcesBuildPhase;
			buildActionMask = 2147483647;
			files = (
				5CDECF03239D661200109136 /* SF-Pro-Text-Heavy.otf in Resources */,
				5C145198239515F700441597 /* LaunchScreen.storyboard in Resources */,
				5C1451EF23955D7900441597 /* NotoSansCJKkr-Regular.otf in Resources */,
				5CDECF02239D660F00109136 /* SF-Pro-Text-Bold.otf in Resources */,
				5C1451F223955D8100441597 /* NotoSansMonoCJKkr-Regular.otf in Resources */,
				5C1451EE23955D7700441597 /* NotoSansCJKkr-Medium.otf in Resources */,
				5CDECF06239D661800109136 /* SF-Pro-Text-Regular.otf in Resources */,
				5C1451F023955D7B00441597 /* NotoSansCJKkr-Thin.otf in Resources */,
				5CDECF07239D661A00109136 /* SF-Pro-Text-Semibold.otf in Resources */,
				5C1451ED23955D7400441597 /* NotoSansCJKkr-Light.otf in Resources */,
				5CDECF05239D661600109136 /* SF-Pro-Text-Medium.otf in Resources */,
				5C1451EB23955D6F00441597 /* NotoSansCJKkr-Bold.otf in Resources */,
				5C1451F123955D7E00441597 /* NotoSansMonoCJKkr-Bold.otf in Resources */,
				5C145195239515F700441597 /* Assets.xcassets in Resources */,
				5C1451EA23955D6C00441597 /* NotoSansCJKkr-Black.otf in Resources */,
				5CDECF04239D661400109136 /* SF-Pro-Text-Light.otf in Resources */,
				5C1451EC23955D7200441597 /* NotoSansCJKkr-DemiLight.otf in Resources */,
			);
			runOnlyForDeploymentPostprocessing = 0;
		};
		5C14519C239515F700441597 /* Resources */ = {
			isa = PBXResourcesBuildPhase;
			buildActionMask = 2147483647;
			files = (
				5CF88B0C23A21D4900E03D2C /* network_error.json in Resources */,
				5CF88B0A23A2070A00E03D2C /* product_detail.json in Resources */,
				5CF88B0823A206DD00E03D2C /* product_list.json in Resources */,
			);
			runOnlyForDeploymentPostprocessing = 0;
		};
		5C1451A7239515F700441597 /* Resources */ = {
			isa = PBXResourcesBuildPhase;
			buildActionMask = 2147483647;
			files = (
			);
			runOnlyForDeploymentPostprocessing = 0;
		};
/* End PBXResourcesBuildPhase section */

/* Begin PBXShellScriptBuildPhase section */
		3F895A1CC3E63F177E65C9C7 /* [CP] Embed Pods Frameworks */ = {
			isa = PBXShellScriptBuildPhase;
			buildActionMask = 2147483647;
			files = (
			);
			inputFileListPaths = (
				"${PODS_ROOT}/Target Support Files/Pods-idus/Pods-idus-frameworks-${CONFIGURATION}-input-files.xcfilelist",
			);
			name = "[CP] Embed Pods Frameworks";
			outputFileListPaths = (
				"${PODS_ROOT}/Target Support Files/Pods-idus/Pods-idus-frameworks-${CONFIGURATION}-output-files.xcfilelist",
			);
			runOnlyForDeploymentPostprocessing = 0;
			shellPath = /bin/sh;
			shellScript = "\"${PODS_ROOT}/Target Support Files/Pods-idus/Pods-idus-frameworks.sh\"\n";
			showEnvVarsInLog = 0;
		};
		A403D3470542FC76A08BD1E6 /* [CP] Check Pods Manifest.lock */ = {
			isa = PBXShellScriptBuildPhase;
			buildActionMask = 2147483647;
			files = (
			);
			inputFileListPaths = (
			);
			inputPaths = (
				"${PODS_PODFILE_DIR_PATH}/Podfile.lock",
				"${PODS_ROOT}/Manifest.lock",
			);
			name = "[CP] Check Pods Manifest.lock";
			outputFileListPaths = (
			);
			outputPaths = (
				"$(DERIVED_FILE_DIR)/Pods-idusTests-checkManifestLockResult.txt",
			);
			runOnlyForDeploymentPostprocessing = 0;
			shellPath = /bin/sh;
			shellScript = "diff \"${PODS_PODFILE_DIR_PATH}/Podfile.lock\" \"${PODS_ROOT}/Manifest.lock\" > /dev/null\nif [ $? != 0 ] ; then\n    # print error to STDERR\n    echo \"error: The sandbox is not in sync with the Podfile.lock. Run 'pod install' or update your CocoaPods installation.\" >&2\n    exit 1\nfi\n# This output is used by Xcode 'outputs' to avoid re-running this script phase.\necho \"SUCCESS\" > \"${SCRIPT_OUTPUT_FILE_0}\"\n";
			showEnvVarsInLog = 0;
		};
		D2705F4C3DA15819394FF3F6 /* [CP] Check Pods Manifest.lock */ = {
			isa = PBXShellScriptBuildPhase;
			buildActionMask = 2147483647;
			files = (
			);
			inputFileListPaths = (
			);
			inputPaths = (
				"${PODS_PODFILE_DIR_PATH}/Podfile.lock",
				"${PODS_ROOT}/Manifest.lock",
			);
			name = "[CP] Check Pods Manifest.lock";
			outputFileListPaths = (
			);
			outputPaths = (
				"$(DERIVED_FILE_DIR)/Pods-idusUITests-checkManifestLockResult.txt",
			);
			runOnlyForDeploymentPostprocessing = 0;
			shellPath = /bin/sh;
			shellScript = "diff \"${PODS_PODFILE_DIR_PATH}/Podfile.lock\" \"${PODS_ROOT}/Manifest.lock\" > /dev/null\nif [ $? != 0 ] ; then\n    # print error to STDERR\n    echo \"error: The sandbox is not in sync with the Podfile.lock. Run 'pod install' or update your CocoaPods installation.\" >&2\n    exit 1\nfi\n# This output is used by Xcode 'outputs' to avoid re-running this script phase.\necho \"SUCCESS\" > \"${SCRIPT_OUTPUT_FILE_0}\"\n";
			showEnvVarsInLog = 0;
		};
		D8857BE4E840B13250014679 /* [CP] Check Pods Manifest.lock */ = {
			isa = PBXShellScriptBuildPhase;
			buildActionMask = 2147483647;
			files = (
			);
			inputFileListPaths = (
			);
			inputPaths = (
				"${PODS_PODFILE_DIR_PATH}/Podfile.lock",
				"${PODS_ROOT}/Manifest.lock",
			);
			name = "[CP] Check Pods Manifest.lock";
			outputFileListPaths = (
			);
			outputPaths = (
				"$(DERIVED_FILE_DIR)/Pods-idus-checkManifestLockResult.txt",
			);
			runOnlyForDeploymentPostprocessing = 0;
			shellPath = /bin/sh;
			shellScript = "diff \"${PODS_PODFILE_DIR_PATH}/Podfile.lock\" \"${PODS_ROOT}/Manifest.lock\" > /dev/null\nif [ $? != 0 ] ; then\n    # print error to STDERR\n    echo \"error: The sandbox is not in sync with the Podfile.lock. Run 'pod install' or update your CocoaPods installation.\" >&2\n    exit 1\nfi\n# This output is used by Xcode 'outputs' to avoid re-running this script phase.\necho \"SUCCESS\" > \"${SCRIPT_OUTPUT_FILE_0}\"\n";
			showEnvVarsInLog = 0;
		};
/* End PBXShellScriptBuildPhase section */

/* Begin PBXSourcesBuildPhase section */
		5C145184239515F300441597 /* Sources */ = {
			isa = PBXSourcesBuildPhase;
			buildActionMask = 2147483647;
			files = (
				5CF88AD323A1CE4500E03D2C /* String+Additions.swift in Sources */,
				5CF88A9B239A0C2B00E03D2C /* ProductDetailModel.swift in Sources */,
				5CF88A972399F1B400E03D2C /* ThumbnailCell.swift in Sources */,
				5CBCBE142396070C0098A60D /* ProductCellViewModel.swift in Sources */,
				5C14520023956B6A00441597 /* IdusRouter.swift in Sources */,
				5C1451F623955EAA00441597 /* App.swift in Sources */,
				5C1451D923954C3F00441597 /* UIView+Additions.swift in Sources */,
				5C14521423996B9B00441597 /* BaseTableViewCell.swift in Sources */,
				5C14521A239D5F0400441597 /* UILabel+Additions.swift in Sources */,
				5C1451D12395252000441597 /* BaseNavigationController.swift in Sources */,
				5CF88AA5239E4BB300E03D2C /* NoticeCell.swift in Sources */,
				5C1451CB23951FBC00441597 /* Navigator.swift in Sources */,
				5C1451D72395487000441597 /* BaseCollectionViewCell.swift in Sources */,
				5CF88A932398ECEA00E03D2C /* ProductDetailViewModel.swift in Sources */,
				5C1451DB23954C5400441597 /* CALayer+Sketch.swift in Sources */,
				5CFD688323962197004E19E4 /* DebugPrint.swift in Sources */,
				5CFD6885239637C9004E19E4 /* Data+Decode.swift in Sources */,
				5C681CF22395F791000189F2 /* CollectionViewDecorator.swift in Sources */,
				5CF88A9F239E310700E03D2C /* DescriptionCellViewModel.swift in Sources */,
				5CF88A8C23977F5100E03D2C /* RefreshFooterView.swift in Sources */,
				5C1451DD23954D1B00441597 /* UIColor+Additions.swift in Sources */,
				5C1452092395751A00441597 /* IdusErrorModel.swift in Sources */,
				5CF88AD723A1D63200E03D2C /* ProductListViewController+Transition.swift in Sources */,
				5C1451CF2395211E00441597 /* ProductListViewModel.swift in Sources */,
				5CF88A9D239E30FB00E03D2C /* DescriptionCell.swift in Sources */,
				5C1451CD2395211300441597 /* ProductListViewController.swift in Sources */,
				5C14520E2399645C00441597 /* ThumbnailCollectionViewCellViewModel.swift in Sources */,
				5C681CF02395F4A8000189F2 /* ProductListViewController+CollectionViewDecorator.swift in Sources */,
				5C14520C2399644600441597 /* ThumbnailCollectionViewCell.swift in Sources */,
				5C145216239D5C8B00441597 /* ProductInfoCell.swift in Sources */,
				5CF88A902398ECD700E03D2C /* ProductDetailViewController.swift in Sources */,
				5CF88ACD23A081C300E03D2C /* ZoomAnimator.swift in Sources */,
				5CFD688023961F53004E19E4 /* IdusRepositoryType.swift in Sources */,
				5C1452042395705500441597 /* NetworkDataResponse.swift in Sources */,
				5C145210239965F400441597 /* ProductDetailViewController+TableViewDecorator.swift in Sources */,
				5C145218239D5CA400441597 /* ProductInfoCellViewModel.swift in Sources */,
				5C14520223956E7700441597 /* NetworkService.swift in Sources */,
				5C1451F82395623200441597 /* Color.swift in Sources */,
				5C1451F423955E9400441597 /* Font.swift in Sources */,
				5CFD687A23961DDF004E19E4 /* IdusUseCase.swift in Sources */,
				5CBCBE19239608DA0098A60D /* ProductModel.swift in Sources */,
				5C1451C923951D3600441597 /* BaseViewController.swift in Sources */,
				5CF88A952399EC5100E03D2C /* ThumbnailCollectionViewCell+CollectionViewDecorator.swift in Sources */,
				5C1452062395707800441597 /* NetworkError.swift in Sources */,
				5C1451D5239545E200441597 /* ProductCell.swift in Sources */,
				5C1452122399697900441597 /* TableViewDecorator.swift in Sources */,
				5CFD687D23961EC6004E19E4 /* IdusRepository.swift in Sources */,
				5C14518C239515F300441597 /* AppDelegate.swift in Sources */,
				5CF88A992399F98100E03D2C /* ThumbnailCellViewModel.swift in Sources */,
			);
			runOnlyForDeploymentPostprocessing = 0;
		};
		5C14519A239515F700441597 /* Sources */ = {
			isa = PBXSourcesBuildPhase;
			buildActionMask = 2147483647;
			files = (
				5CFA111D23A4CC9300B3358A /* ThumbnailCollectionViewCellViewModelTest.swift in Sources */,
				5CF88B1223A3A55A00E03D2C /* ProductListViewModelTest.swift in Sources */,
				5CF88B0523A2016C00E03D2C /* NetworkServiceStub.swift in Sources */,
				5CF88B1523A3A57B00E03D2C /* ProductCellViewModelTest.swift in Sources */,
				5CFA112123A542DB00B3358A /* ThumbnailCellViewModelTest.swift in Sources */,
				5CFA111523A408DE00B3358A /* Mocker.swift in Sources */,
				5CFA111323A3FDDD00B3358A /* XCTestCase+Additions.swift in Sources */,
				5CFA112323A5436800B3358A /* DescriptionCellViewModelTest.swift in Sources */,
				5CFA111F23A53FFB00B3358A /* ProductInfoCellViewModelTest.swift in Sources */,
				5CFA111B23A486D000B3358A /* ProductDetailViewModel.swift in Sources */,
			);
			runOnlyForDeploymentPostprocessing = 0;
		};
		5C1451A5239515F700441597 /* Sources */ = {
			isa = PBXSourcesBuildPhase;
			buildActionMask = 2147483647;
			files = (
				5C1451AE239515F700441597 /* idusUITests.swift in Sources */,
			);
			runOnlyForDeploymentPostprocessing = 0;
		};
/* End PBXSourcesBuildPhase section */

/* Begin PBXTargetDependency section */
		5C1451A0239515F700441597 /* PBXTargetDependency */ = {
			isa = PBXTargetDependency;
			target = 5C145187239515F300441597 /* idus */;
			targetProxy = 5C14519F239515F700441597 /* PBXContainerItemProxy */;
		};
		5C1451AB239515F700441597 /* PBXTargetDependency */ = {
			isa = PBXTargetDependency;
			target = 5C145187239515F300441597 /* idus */;
			targetProxy = 5C1451AA239515F700441597 /* PBXContainerItemProxy */;
		};
/* End PBXTargetDependency section */

/* Begin PBXVariantGroup section */
		5C145196239515F700441597 /* LaunchScreen.storyboard */ = {
			isa = PBXVariantGroup;
			children = (
				5C145197239515F700441597 /* Base */,
			);
			name = LaunchScreen.storyboard;
			sourceTree = "<group>";
		};
/* End PBXVariantGroup section */

/* Begin XCBuildConfiguration section */
		5C1451B0239515F700441597 /* Debug */ = {
			isa = XCBuildConfiguration;
			buildSettings = {
				ALWAYS_SEARCH_USER_PATHS = NO;
				CLANG_ANALYZER_NONNULL = YES;
				CLANG_ANALYZER_NUMBER_OBJECT_CONVERSION = YES_AGGRESSIVE;
				CLANG_CXX_LANGUAGE_STANDARD = "gnu++14";
				CLANG_CXX_LIBRARY = "libc++";
				CLANG_ENABLE_MODULES = YES;
				CLANG_ENABLE_OBJC_ARC = YES;
				CLANG_ENABLE_OBJC_WEAK = YES;
				CLANG_WARN_BLOCK_CAPTURE_AUTORELEASING = YES;
				CLANG_WARN_BOOL_CONVERSION = YES;
				CLANG_WARN_COMMA = YES;
				CLANG_WARN_CONSTANT_CONVERSION = YES;
				CLANG_WARN_DEPRECATED_OBJC_IMPLEMENTATIONS = YES;
				CLANG_WARN_DIRECT_OBJC_ISA_USAGE = YES_ERROR;
				CLANG_WARN_DOCUMENTATION_COMMENTS = YES;
				CLANG_WARN_EMPTY_BODY = YES;
				CLANG_WARN_ENUM_CONVERSION = YES;
				CLANG_WARN_INFINITE_RECURSION = YES;
				CLANG_WARN_INT_CONVERSION = YES;
				CLANG_WARN_NON_LITERAL_NULL_CONVERSION = YES;
				CLANG_WARN_OBJC_IMPLICIT_RETAIN_SELF = YES;
				CLANG_WARN_OBJC_LITERAL_CONVERSION = YES;
				CLANG_WARN_OBJC_ROOT_CLASS = YES_ERROR;
				CLANG_WARN_RANGE_LOOP_ANALYSIS = YES;
				CLANG_WARN_STRICT_PROTOTYPES = YES;
				CLANG_WARN_SUSPICIOUS_MOVE = YES;
				CLANG_WARN_UNGUARDED_AVAILABILITY = YES_AGGRESSIVE;
				CLANG_WARN_UNREACHABLE_CODE = YES;
				CLANG_WARN__DUPLICATE_METHOD_MATCH = YES;
				COPY_PHASE_STRIP = NO;
				DEBUG_INFORMATION_FORMAT = dwarf;
				ENABLE_STRICT_OBJC_MSGSEND = YES;
				ENABLE_TESTABILITY = YES;
				GCC_C_LANGUAGE_STANDARD = gnu11;
				GCC_DYNAMIC_NO_PIC = NO;
				GCC_NO_COMMON_BLOCKS = YES;
				GCC_OPTIMIZATION_LEVEL = 0;
				GCC_PREPROCESSOR_DEFINITIONS = (
					"DEBUG=1",
					"$(inherited)",
				);
				GCC_WARN_64_TO_32_BIT_CONVERSION = YES;
				GCC_WARN_ABOUT_RETURN_TYPE = YES_ERROR;
				GCC_WARN_UNDECLARED_SELECTOR = YES;
				GCC_WARN_UNINITIALIZED_AUTOS = YES_AGGRESSIVE;
				GCC_WARN_UNUSED_FUNCTION = YES;
				GCC_WARN_UNUSED_VARIABLE = YES;
				IPHONEOS_DEPLOYMENT_TARGET = 13.2;
				MTL_ENABLE_DEBUG_INFO = INCLUDE_SOURCE;
				MTL_FAST_MATH = YES;
				ONLY_ACTIVE_ARCH = YES;
				SDKROOT = iphoneos;
				SWIFT_ACTIVE_COMPILATION_CONDITIONS = DEBUG;
				SWIFT_OPTIMIZATION_LEVEL = "-Onone";
			};
			name = Debug;
		};
		5C1451B1239515F700441597 /* Release */ = {
			isa = XCBuildConfiguration;
			buildSettings = {
				ALWAYS_SEARCH_USER_PATHS = NO;
				CLANG_ANALYZER_NONNULL = YES;
				CLANG_ANALYZER_NUMBER_OBJECT_CONVERSION = YES_AGGRESSIVE;
				CLANG_CXX_LANGUAGE_STANDARD = "gnu++14";
				CLANG_CXX_LIBRARY = "libc++";
				CLANG_ENABLE_MODULES = YES;
				CLANG_ENABLE_OBJC_ARC = YES;
				CLANG_ENABLE_OBJC_WEAK = YES;
				CLANG_WARN_BLOCK_CAPTURE_AUTORELEASING = YES;
				CLANG_WARN_BOOL_CONVERSION = YES;
				CLANG_WARN_COMMA = YES;
				CLANG_WARN_CONSTANT_CONVERSION = YES;
				CLANG_WARN_DEPRECATED_OBJC_IMPLEMENTATIONS = YES;
				CLANG_WARN_DIRECT_OBJC_ISA_USAGE = YES_ERROR;
				CLANG_WARN_DOCUMENTATION_COMMENTS = YES;
				CLANG_WARN_EMPTY_BODY = YES;
				CLANG_WARN_ENUM_CONVERSION = YES;
				CLANG_WARN_INFINITE_RECURSION = YES;
				CLANG_WARN_INT_CONVERSION = YES;
				CLANG_WARN_NON_LITERAL_NULL_CONVERSION = YES;
				CLANG_WARN_OBJC_IMPLICIT_RETAIN_SELF = YES;
				CLANG_WARN_OBJC_LITERAL_CONVERSION = YES;
				CLANG_WARN_OBJC_ROOT_CLASS = YES_ERROR;
				CLANG_WARN_RANGE_LOOP_ANALYSIS = YES;
				CLANG_WARN_STRICT_PROTOTYPES = YES;
				CLANG_WARN_SUSPICIOUS_MOVE = YES;
				CLANG_WARN_UNGUARDED_AVAILABILITY = YES_AGGRESSIVE;
				CLANG_WARN_UNREACHABLE_CODE = YES;
				CLANG_WARN__DUPLICATE_METHOD_MATCH = YES;
				COPY_PHASE_STRIP = NO;
				DEBUG_INFORMATION_FORMAT = "dwarf-with-dsym";
				ENABLE_NS_ASSERTIONS = NO;
				ENABLE_STRICT_OBJC_MSGSEND = YES;
				GCC_C_LANGUAGE_STANDARD = gnu11;
				GCC_NO_COMMON_BLOCKS = YES;
				GCC_WARN_64_TO_32_BIT_CONVERSION = YES;
				GCC_WARN_ABOUT_RETURN_TYPE = YES_ERROR;
				GCC_WARN_UNDECLARED_SELECTOR = YES;
				GCC_WARN_UNINITIALIZED_AUTOS = YES_AGGRESSIVE;
				GCC_WARN_UNUSED_FUNCTION = YES;
				GCC_WARN_UNUSED_VARIABLE = YES;
				IPHONEOS_DEPLOYMENT_TARGET = 13.2;
				MTL_ENABLE_DEBUG_INFO = NO;
				MTL_FAST_MATH = YES;
				SDKROOT = iphoneos;
				SWIFT_COMPILATION_MODE = wholemodule;
				SWIFT_OPTIMIZATION_LEVEL = "-O";
				VALIDATE_PRODUCT = YES;
			};
			name = Release;
		};
		5C1451B3239515F700441597 /* Debug */ = {
			isa = XCBuildConfiguration;
			baseConfigurationReference = 031BB128C9CCDEB29E89535F /* Pods-idus.debug.xcconfig */;
			buildSettings = {
				ASSETCATALOG_COMPILER_APPICON_NAME = AppIcon;
				CODE_SIGN_STYLE = Automatic;
				DEVELOPMENT_TEAM = CNMQE42DQF;
				INFOPLIST_FILE = idus/Info.plist;
				IPHONEOS_DEPLOYMENT_TARGET = 11.0;
				LD_RUNPATH_SEARCH_PATHS = (
					"$(inherited)",
					"@executable_path/Frameworks",
				);
				PRODUCT_BUNDLE_IDENTIFIER = com.jinnify.idus;
				PRODUCT_NAME = "$(TARGET_NAME)";
				SWIFT_VERSION = 5.0;
				TARGETED_DEVICE_FAMILY = "1,2";
			};
			name = Debug;
		};
		5C1451B4239515F700441597 /* Release */ = {
			isa = XCBuildConfiguration;
			baseConfigurationReference = 9C2D1C809C3AD2BE0966B477 /* Pods-idus.release.xcconfig */;
			buildSettings = {
				ASSETCATALOG_COMPILER_APPICON_NAME = AppIcon;
				CODE_SIGN_STYLE = Automatic;
				DEVELOPMENT_TEAM = CNMQE42DQF;
				INFOPLIST_FILE = idus/Info.plist;
				IPHONEOS_DEPLOYMENT_TARGET = 11.0;
				LD_RUNPATH_SEARCH_PATHS = (
					"$(inherited)",
					"@executable_path/Frameworks",
				);
				PRODUCT_BUNDLE_IDENTIFIER = com.jinnify.idus;
				PRODUCT_NAME = "$(TARGET_NAME)";
				SWIFT_VERSION = 5.0;
				TARGETED_DEVICE_FAMILY = "1,2";
			};
			name = Release;
		};
		5C1451B6239515F700441597 /* Debug */ = {
			isa = XCBuildConfiguration;
			baseConfigurationReference = 0461001FBE25FC47B3312DFB /* Pods-idusTests.debug.xcconfig */;
			buildSettings = {
				ALWAYS_EMBED_SWIFT_STANDARD_LIBRARIES = YES;
				BUNDLE_LOADER = "$(TEST_HOST)";
				CODE_SIGN_STYLE = Automatic;
				DEVELOPMENT_TEAM = CNMQE42DQF;
				INFOPLIST_FILE = idusTests/Info.plist;
				IPHONEOS_DEPLOYMENT_TARGET = 13.2;
				LD_RUNPATH_SEARCH_PATHS = (
					"$(inherited)",
					"@executable_path/Frameworks",
					"@loader_path/Frameworks",
				);
				PRODUCT_BUNDLE_IDENTIFIER = com.jinnify.idusTests;
				PRODUCT_NAME = "$(TARGET_NAME)";
				SWIFT_VERSION = 5.0;
				TARGETED_DEVICE_FAMILY = "1,2";
				TEST_HOST = "$(BUILT_PRODUCTS_DIR)/idus.app/idus";
			};
			name = Debug;
		};
		5C1451B7239515F700441597 /* Release */ = {
			isa = XCBuildConfiguration;
			baseConfigurationReference = E8C2DE9D4112D3A7EEACE47F /* Pods-idusTests.release.xcconfig */;
			buildSettings = {
				ALWAYS_EMBED_SWIFT_STANDARD_LIBRARIES = YES;
				BUNDLE_LOADER = "$(TEST_HOST)";
				CODE_SIGN_STYLE = Automatic;
				DEVELOPMENT_TEAM = CNMQE42DQF;
				INFOPLIST_FILE = idusTests/Info.plist;
				IPHONEOS_DEPLOYMENT_TARGET = 13.2;
				LD_RUNPATH_SEARCH_PATHS = (
					"$(inherited)",
					"@executable_path/Frameworks",
					"@loader_path/Frameworks",
				);
				PRODUCT_BUNDLE_IDENTIFIER = com.jinnify.idusTests;
				PRODUCT_NAME = "$(TARGET_NAME)";
				SWIFT_VERSION = 5.0;
				TARGETED_DEVICE_FAMILY = "1,2";
				TEST_HOST = "$(BUILT_PRODUCTS_DIR)/idus.app/idus";
			};
			name = Release;
		};
		5C1451B9239515F700441597 /* Debug */ = {
			isa = XCBuildConfiguration;
			baseConfigurationReference = DB20D3B1409607726431D3B3 /* Pods-idusUITests.debug.xcconfig */;
			buildSettings = {
				ALWAYS_EMBED_SWIFT_STANDARD_LIBRARIES = YES;
				CODE_SIGN_STYLE = Automatic;
				DEVELOPMENT_TEAM = CNMQE42DQF;
				INFOPLIST_FILE = idusUITests/Info.plist;
				LD_RUNPATH_SEARCH_PATHS = (
					"$(inherited)",
					"@executable_path/Frameworks",
					"@loader_path/Frameworks",
				);
				PRODUCT_BUNDLE_IDENTIFIER = com.jinnify.idusUITests;
				PRODUCT_NAME = "$(TARGET_NAME)";
				SWIFT_VERSION = 5.0;
				TARGETED_DEVICE_FAMILY = "1,2";
				TEST_TARGET_NAME = idus;
			};
			name = Debug;
		};
		5C1451BA239515F700441597 /* Release */ = {
			isa = XCBuildConfiguration;
			baseConfigurationReference = 71C4B71E969D1B7AAC3B4CB6 /* Pods-idusUITests.release.xcconfig */;
			buildSettings = {
				ALWAYS_EMBED_SWIFT_STANDARD_LIBRARIES = YES;
				CODE_SIGN_STYLE = Automatic;
				DEVELOPMENT_TEAM = CNMQE42DQF;
				INFOPLIST_FILE = idusUITests/Info.plist;
				LD_RUNPATH_SEARCH_PATHS = (
					"$(inherited)",
					"@executable_path/Frameworks",
					"@loader_path/Frameworks",
				);
				PRODUCT_BUNDLE_IDENTIFIER = com.jinnify.idusUITests;
				PRODUCT_NAME = "$(TARGET_NAME)";
				SWIFT_VERSION = 5.0;
				TARGETED_DEVICE_FAMILY = "1,2";
				TEST_TARGET_NAME = idus;
			};
			name = Release;
		};
/* End XCBuildConfiguration section */

/* Begin XCConfigurationList section */
		5C145183239515F300441597 /* Build configuration list for PBXProject "idus" */ = {
			isa = XCConfigurationList;
			buildConfigurations = (
				5C1451B0239515F700441597 /* Debug */,
				5C1451B1239515F700441597 /* Release */,
			);
			defaultConfigurationIsVisible = 0;
			defaultConfigurationName = Release;
		};
		5C1451B2239515F700441597 /* Build configuration list for PBXNativeTarget "idus" */ = {
			isa = XCConfigurationList;
			buildConfigurations = (
				5C1451B3239515F700441597 /* Debug */,
				5C1451B4239515F700441597 /* Release */,
			);
			defaultConfigurationIsVisible = 0;
			defaultConfigurationName = Release;
		};
		5C1451B5239515F700441597 /* Build configuration list for PBXNativeTarget "idusTests" */ = {
			isa = XCConfigurationList;
			buildConfigurations = (
				5C1451B6239515F700441597 /* Debug */,
				5C1451B7239515F700441597 /* Release */,
			);
			defaultConfigurationIsVisible = 0;
			defaultConfigurationName = Release;
		};
		5C1451B8239515F700441597 /* Build configuration list for PBXNativeTarget "idusUITests" */ = {
			isa = XCConfigurationList;
			buildConfigurations = (
				5C1451B9239515F700441597 /* Debug */,
				5C1451BA239515F700441597 /* Release */,
			);
			defaultConfigurationIsVisible = 0;
			defaultConfigurationName = Release;
		};
/* End XCConfigurationList section */
	};
	rootObject = 5C145180239515F300441597 /* Project object */;
}
